
Microsoft Visual Studio Solution File, Format Version 12.00
# Visual Studio Version 16
VisualStudioVersion = 16.0.31410.357
MinimumVisualStudioVersion = 10.0.40219.1
Project("{FAE04EC0-301F-11D3-BF4B-00C04F79EFBC}") = "ConsoleApp1", "ConsoleApp1\ConsoleApp1.csproj", "{291E2789-F173-410A-AB6A-FB426EBCC7D1}"
EndProject
Global
	GlobalSection(SolutionConfigurationPlatforms) = preSolution
		Debug|Any CPU = Debug|Any CPU
		Release|Any CPU = Release|Any CPU
	EndGlobalSection
	GlobalSection(ProjectConfigurationPlatforms) = postSolution
		{291E2789-F173-410A-AB6A-FB426EBCC7D1}.Debug|Any CPU.ActiveCfg = Debug|Any CPU
		{291E2789-F173-410A-AB6A-FB426EBCC7D1}.Debug|Any CPU.Build.0 = Debug|Any CPU
		{291E2789-F173-410A-AB6A-FB426EBCC7D1}.Release|Any CPU.ActiveCfg = Release|Any CPU
		{291E2789-F173-410A-AB6A-FB426EBCC7D1}.Release|Any CPU.Build.0 = Release|Any CPU
	EndGlobalSection
	GlobalSection(SolutionProperties) = preSolution
		HideSolutionNode = FALSE
	EndGlobalSection
	GlobalSection(ExtensibilityGlobals) = postSolution
		SolutionGuid = {60FFA3FE-C3FC-4918-B011-E7B10FA8CA52}
	EndGlobalSection
EndGlobal
